
Microsoft Visual Studio Solution File, Format Version 12.00
# Visual Studio Version 16
VisualStudioVersion = 16.0.31727.386
MinimumVisualStudioVersion = 10.0.40219.1
Project("{9A19103F-16F7-4668-BE54-9A1E7A4F7556}") = "RestSharp_sample", "RestSharp_sample\RestSharp_sample.csproj", "{FE973813-4E66-4137-ACB8-4A7EAD113165}"
EndProject
Project("{FAE04EC0-301F-11D3-BF4B-00C04F79EFBC}") = "Selenium_Sample", "Selenium_Sample\Selenium_Sample.csproj", "{D6A046DA-350B-44A6-89F7-1775FA39E596}"
EndProject
Global
	GlobalSection(SolutionConfigurationPlatforms) = preSolution
		Debug|Any CPU = Debug|Any CPU
		Release|Any CPU = Release|Any CPU
	EndGlobalSection
	GlobalSection(ProjectConfigurationPlatforms) = postSolution
		{FE973813-4E66-4137-ACB8-4A7EAD113165}.Debug|Any CPU.ActiveCfg = Debug|Any CPU
		{FE973813-4E66-4137-ACB8-4A7EAD113165}.Debug|Any CPU.Build.0 = Debug|Any CPU
		{FE973813-4E66-4137-ACB8-4A7EAD113165}.Release|Any CPU.ActiveCfg = Release|Any CPU
		{FE973813-4E66-4137-ACB8-4A7EAD113165}.Release|Any CPU.Build.0 = Release|Any CPU
		{D6A046DA-350B-44A6-89F7-1775FA39E596}.Debug|Any CPU.ActiveCfg = Debug|Any CPU
		{D6A046DA-350B-44A6-89F7-1775FA39E596}.Debug|Any CPU.Build.0 = Debug|Any CPU
		{D6A046DA-350B-44A6-89F7-1775FA39E596}.Release|Any CPU.ActiveCfg = Release|Any CPU
		{D6A046DA-350B-44A6-89F7-1775FA39E596}.Release|Any CPU.Build.0 = Release|Any CPU
	EndGlobalSection
	GlobalSection(SolutionProperties) = preSolution
		HideSolutionNode = FALSE
	EndGlobalSection
	GlobalSection(ExtensibilityGlobals) = postSolution
		SolutionGuid = {632A50F9-CA45-4CF0-A742-179DFEC2F261}
	EndGlobalSection
EndGlobal
